// !$*UTF8*$!
{
	archiveVersion = 1;
	classes = {
	};
	objectVersion = 46;
	objects = {

/* Begin PBXBuildFile section */
		19418EDC1BDF14E900C0F8BF /* Bolts.framework in Frameworks */ = {isa = PBXBuildFile; fileRef = 19418EDA1BDF14E900C0F8BF /* Bolts.framework */; };
		19418EDD1BDF14E900C0F8BF /* Parse.framework in Frameworks */ = {isa = PBXBuildFile; fileRef = 19418EDB1BDF14E900C0F8BF /* Parse.framework */; };
		19418EDF1BDF169B00C0F8BF /* AudioToolbox.framework in Frameworks */ = {isa = PBXBuildFile; fileRef = 19418EDE1BDF169B00C0F8BF /* AudioToolbox.framework */; };
		19418EE31BDF16DC00C0F8BF /* CFNetwork.framework in Frameworks */ = {isa = PBXBuildFile; fileRef = 19418EE01BDF16DC00C0F8BF /* CFNetwork.framework */; };
		19418EE41BDF16DC00C0F8BF /* CoreGraphics.framework in Frameworks */ = {isa = PBXBuildFile; fileRef = 19418EE11BDF16DC00C0F8BF /* CoreGraphics.framework */; };
		19418EE51BDF16DC00C0F8BF /* CoreLocation.framework in Frameworks */ = {isa = PBXBuildFile; fileRef = 19418EE21BDF16DC00C0F8BF /* CoreLocation.framework */; };
		19418EE81BDF17B500C0F8BF /* Security.framework in Frameworks */ = {isa = PBXBuildFile; fileRef = 19418EE61BDF175000C0F8BF /* Security.framework */; };
		19418EEC1BDF17B500C0F8BF /* MobileCoreServices.framework in Frameworks */ = {isa = PBXBuildFile; fileRef = 19418EE91BDF17B500C0F8BF /* MobileCoreServices.framework */; };
		19418EED1BDF17B500C0F8BF /* QuartzCore.framework in Frameworks */ = {isa = PBXBuildFile; fileRef = 19418EEA1BDF17B500C0F8BF /* QuartzCore.framework */; };
		19418EEE1BDF17B500C0F8BF /* StoreKit.framework in Frameworks */ = {isa = PBXBuildFile; fileRef = 19418EEB1BDF17B500C0F8BF /* StoreKit.framework */; };
		19418EF01BDF17D100C0F8BF /* SystemConfiguration.framework in Frameworks */ = {isa = PBXBuildFile; fileRef = 19418EEF1BDF17D100C0F8BF /* SystemConfiguration.framework */; };
		19418EF21BDF17E800C0F8BF /* libsqlite3.0.tbd in Frameworks */ = {isa = PBXBuildFile; fileRef = 19418EF11BDF17E800C0F8BF /* libsqlite3.0.tbd */; };
		19418EF41BDF17F200C0F8BF /* libz.1.1.3.tbd in Frameworks */ = {isa = PBXBuildFile; fileRef = 19418EF31BDF17F200C0F8BF /* libz.1.1.3.tbd */; };
		19484FD01BE0D52800AB6870 /* NickZihaoProject.xcdatamodel in Sources */ = {isa = PBXBuildFile; fileRef = 19484FCF1BE0D52800AB6870 /* NickZihaoProject.xcdatamodel */; };
		19484FD21BE0DC6900AB6870 /* MapViewController.swift in Sources */ = {isa = PBXBuildFile; fileRef = 19484FD11BE0DC6900AB6870 /* MapViewController.swift */; };
		19484FD41BE0DD0500AB6870 /* MapKit.framework in Frameworks */ = {isa = PBXBuildFile; fileRef = 19484FD31BE0DD0500AB6870 /* MapKit.framework */; };
		19CE75DF1BD73454008698AE /* AppDelegate.swift in Sources */ = {isa = PBXBuildFile; fileRef = 19CE75DE1BD73454008698AE /* AppDelegate.swift */; };
		19CE75E41BD73454008698AE /* Main.storyboard in Resources */ = {isa = PBXBuildFile; fileRef = 19CE75E21BD73454008698AE /* Main.storyboard */; };
		19CE75E61BD73454008698AE /* Assets.xcassets in Resources */ = {isa = PBXBuildFile; fileRef = 19CE75E51BD73454008698AE /* Assets.xcassets */; };
		19CE75E91BD73454008698AE /* LaunchScreen.storyboard in Resources */ = {isa = PBXBuildFile; fileRef = 19CE75E71BD73454008698AE /* LaunchScreen.storyboard */; };
		A61181B31BD84ABA005C10F0 /* WelcomeViewController.swift in Sources */ = {isa = PBXBuildFile; fileRef = A61181B21BD84ABA005C10F0 /* WelcomeViewController.swift */; };
		A61181B51BD84BE5005C10F0 /* UserInfoViewController.swift in Sources */ = {isa = PBXBuildFile; fileRef = A61181B41BD84BE5005C10F0 /* UserInfoViewController.swift */; };
		A642EEBF1BF1888200B9258B /* RegisterViewController.swift in Sources */ = {isa = PBXBuildFile; fileRef = A642EEBE1BF1888200B9258B /* RegisterViewController.swift */; };
/* End PBXBuildFile section */

/* Begin PBXFileReference section */
		19418ED91BDF13CF00C0F8BF /* NickZihaoProject-Bridging-Header.h */ = {isa = PBXFileReference; lastKnownFileType = sourcecode.c.h; path = "NickZihaoProject-Bridging-Header.h"; sourceTree = "<group>"; };
		19418EDA1BDF14E900C0F8BF /* Bolts.framework */ = {isa = PBXFileReference; lastKnownFileType = wrapper.framework; path = Bolts.framework; sourceTree = "<group>"; };
		19418EDB1BDF14E900C0F8BF /* Parse.framework */ = {isa = PBXFileReference; lastKnownFileType = wrapper.framework; path = Parse.framework; sourceTree = "<group>"; };
		19418EDE1BDF169B00C0F8BF /* AudioToolbox.framework */ = {isa = PBXFileReference; lastKnownFileType = wrapper.framework; name = AudioToolbox.framework; path = System/Library/Frameworks/AudioToolbox.framework; sourceTree = SDKROOT; };
		19418EE01BDF16DC00C0F8BF /* CFNetwork.framework */ = {isa = PBXFileReference; lastKnownFileType = wrapper.framework; name = CFNetwork.framework; path = System/Library/Frameworks/CFNetwork.framework; sourceTree = SDKROOT; };
		19418EE11BDF16DC00C0F8BF /* CoreGraphics.framework */ = {isa = PBXFileReference; lastKnownFileType = wrapper.framework; name = CoreGraphics.framework; path = System/Library/Frameworks/CoreGraphics.framework; sourceTree = SDKROOT; };
		19418EE21BDF16DC00C0F8BF /* CoreLocation.framework */ = {isa = PBXFileReference; lastKnownFileType = wrapper.framework; name = CoreLocation.framework; path = System/Library/Frameworks/CoreLocation.framework; sourceTree = SDKROOT; };
		19418EE61BDF175000C0F8BF /* Security.framework */ = {isa = PBXFileReference; lastKnownFileType = wrapper.framework; name = Security.framework; path = System/Library/Frameworks/Security.framework; sourceTree = SDKROOT; };
		19418EE91BDF17B500C0F8BF /* MobileCoreServices.framework */ = {isa = PBXFileReference; lastKnownFileType = wrapper.framework; name = MobileCoreServices.framework; path = System/Library/Frameworks/MobileCoreServices.framework; sourceTree = SDKROOT; };
		19418EEA1BDF17B500C0F8BF /* QuartzCore.framework */ = {isa = PBXFileReference; lastKnownFileType = wrapper.framework; name = QuartzCore.framework; path = System/Library/Frameworks/QuartzCore.framework; sourceTree = SDKROOT; };
		19418EEB1BDF17B500C0F8BF /* StoreKit.framework */ = {isa = PBXFileReference; lastKnownFileType = wrapper.framework; name = StoreKit.framework; path = System/Library/Frameworks/StoreKit.framework; sourceTree = SDKROOT; };
		19418EEF1BDF17D100C0F8BF /* SystemConfiguration.framework */ = {isa = PBXFileReference; lastKnownFileType = wrapper.framework; name = SystemConfiguration.framework; path = System/Library/Frameworks/SystemConfiguration.framework; sourceTree = SDKROOT; };
		19418EF11BDF17E800C0F8BF /* libsqlite3.0.tbd */ = {isa = PBXFileReference; lastKnownFileType = "sourcecode.text-based-dylib-definition"; name = libsqlite3.0.tbd; path = usr/lib/libsqlite3.0.tbd; sourceTree = SDKROOT; };
		19418EF31BDF17F200C0F8BF /* libz.1.1.3.tbd */ = {isa = PBXFileReference; lastKnownFileType = "sourcecode.text-based-dylib-definition"; name = libz.1.1.3.tbd; path = usr/lib/libz.1.1.3.tbd; sourceTree = SDKROOT; };
		19484FCF1BE0D52800AB6870 /* NickZihaoProject.xcdatamodel */ = {isa = PBXFileReference; lastKnownFileType = wrapper.xcdatamodel; path = NickZihaoProject.xcdatamodel; sourceTree = "<group>"; };
		19484FD11BE0DC6900AB6870 /* MapViewController.swift */ = {isa = PBXFileReference; fileEncoding = 4; lastKnownFileType = sourcecode.swift; path = MapViewController.swift; sourceTree = "<group>"; };
		19484FD31BE0DD0500AB6870 /* MapKit.framework */ = {isa = PBXFileReference; lastKnownFileType = wrapper.framework; name = MapKit.framework; path = System/Library/Frameworks/MapKit.framework; sourceTree = SDKROOT; };
		19CE75DB1BD73453008698AE /* NickZihaoProject.app */ = {isa = PBXFileReference; explicitFileType = wrapper.application; includeInIndex = 0; path = NickZihaoProject.app; sourceTree = BUILT_PRODUCTS_DIR; };
		19CE75DE1BD73454008698AE /* AppDelegate.swift */ = {isa = PBXFileReference; lastKnownFileType = sourcecode.swift; path = AppDelegate.swift; sourceTree = "<group>"; };
		19CE75E31BD73454008698AE /* Base */ = {isa = PBXFileReference; lastKnownFileType = file.storyboard; name = Base; path = Base.lproj/Main.storyboard; sourceTree = "<group>"; };
		19CE75E51BD73454008698AE /* Assets.xcassets */ = {isa = PBXFileReference; lastKnownFileType = folder.assetcatalog; path = Assets.xcassets; sourceTree = "<group>"; };
		19CE75E81BD73454008698AE /* Base */ = {isa = PBXFileReference; lastKnownFileType = file.storyboard; name = Base; path = Base.lproj/LaunchScreen.storyboard; sourceTree = "<group>"; };
		19CE75EA1BD73454008698AE /* Info.plist */ = {isa = PBXFileReference; lastKnownFileType = text.plist.xml; path = Info.plist; sourceTree = "<group>"; };
		A61181B21BD84ABA005C10F0 /* WelcomeViewController.swift */ = {isa = PBXFileReference; fileEncoding = 4; lastKnownFileType = sourcecode.swift; path = WelcomeViewController.swift; sourceTree = "<group>"; };
		A61181B41BD84BE5005C10F0 /* UserInfoViewController.swift */ = {isa = PBXFileReference; fileEncoding = 4; lastKnownFileType = sourcecode.swift; path = UserInfoViewController.swift; sourceTree = "<group>"; };
		A642EEBE1BF1888200B9258B /* RegisterViewController.swift */ = {isa = PBXFileReference; fileEncoding = 4; lastKnownFileType = sourcecode.swift; path = RegisterViewController.swift; sourceTree = "<group>"; };
/* End PBXFileReference section */

/* Begin PBXFrameworksBuildPhase section */
		19CE75D81BD73453008698AE /* Frameworks */ = {
			isa = PBXFrameworksBuildPhase;
			buildActionMask = 2147483647;
			files = (
				19484FD41BE0DD0500AB6870 /* MapKit.framework in Frameworks */,
				19418EF41BDF17F200C0F8BF /* libz.1.1.3.tbd in Frameworks */,
				19418EF21BDF17E800C0F8BF /* libsqlite3.0.tbd in Frameworks */,
				19418EF01BDF17D100C0F8BF /* SystemConfiguration.framework in Frameworks */,
				19418EEC1BDF17B500C0F8BF /* MobileCoreServices.framework in Frameworks */,
				19418EED1BDF17B500C0F8BF /* QuartzCore.framework in Frameworks */,
				19418EEE1BDF17B500C0F8BF /* StoreKit.framework in Frameworks */,
				19418EE81BDF17B500C0F8BF /* Security.framework in Frameworks */,
				19418EE31BDF16DC00C0F8BF /* CFNetwork.framework in Frameworks */,
				19418EE41BDF16DC00C0F8BF /* CoreGraphics.framework in Frameworks */,
				19418EE51BDF16DC00C0F8BF /* CoreLocation.framework in Frameworks */,
				19418EDF1BDF169B00C0F8BF /* AudioToolbox.framework in Frameworks */,
				19418EDD1BDF14E900C0F8BF /* Parse.framework in Frameworks */,
				19418EDC1BDF14E900C0F8BF /* Bolts.framework in Frameworks */,
			);
			runOnlyForDeploymentPostprocessing = 0;
		};
/* End PBXFrameworksBuildPhase section */

/* Begin PBXGroup section */
		19CE75D21BD73453008698AE = {
			isa = PBXGroup;
			children = (
				19484FD31BE0DD0500AB6870 /* MapKit.framework */,
				19418EF31BDF17F200C0F8BF /* libz.1.1.3.tbd */,
				19418EF11BDF17E800C0F8BF /* libsqlite3.0.tbd */,
				19418EEF1BDF17D100C0F8BF /* SystemConfiguration.framework */,
				19418EE91BDF17B500C0F8BF /* MobileCoreServices.framework */,
				19418EEA1BDF17B500C0F8BF /* QuartzCore.framework */,
				19418EEB1BDF17B500C0F8BF /* StoreKit.framework */,
				19418EE61BDF175000C0F8BF /* Security.framework */,
				19418EE01BDF16DC00C0F8BF /* CFNetwork.framework */,
				19418EE11BDF16DC00C0F8BF /* CoreGraphics.framework */,
				19418EE21BDF16DC00C0F8BF /* CoreLocation.framework */,
				19418EDE1BDF169B00C0F8BF /* AudioToolbox.framework */,
				19418ED91BDF13CF00C0F8BF /* NickZihaoProject-Bridging-Header.h */,
				19CE75DD1BD73453008698AE /* NickZihaoProject */,
				19CE75DC1BD73453008698AE /* Products */,
			);
			sourceTree = "<group>";
		};
		19CE75DC1BD73453008698AE /* Products */ = {
			isa = PBXGroup;
			children = (
				19CE75DB1BD73453008698AE /* NickZihaoProject.app */,
			);
			name = Products;
			sourceTree = "<group>";
		};
		19CE75DD1BD73453008698AE /* NickZihaoProject */ = {
			isa = PBXGroup;
			children = (
				19484FCF1BE0D52800AB6870 /* NickZihaoProject.xcdatamodel */,
				19418EDA1BDF14E900C0F8BF /* Bolts.framework */,
				19418EDB1BDF14E900C0F8BF /* Parse.framework */,
				19CE75DE1BD73454008698AE /* AppDelegate.swift */,
				19CE75E21BD73454008698AE /* Main.storyboard */,
				19CE75E51BD73454008698AE /* Assets.xcassets */,
				19CE75E71BD73454008698AE /* LaunchScreen.storyboard */,
				19CE75EA1BD73454008698AE /* Info.plist */,
				A61181B21BD84ABA005C10F0 /* WelcomeViewController.swift */,
				A61181B41BD84BE5005C10F0 /* UserInfoViewController.swift */,
				19484FD11BE0DC6900AB6870 /* MapViewController.swift */,
				A642EEBE1BF1888200B9258B /* RegisterViewController.swift */,
			);
			path = NickZihaoProject;
			sourceTree = "<group>";
		};
/* End PBXGroup section */

/* Begin PBXNativeTarget section */
		19CE75DA1BD73453008698AE /* NickZihaoProject */ = {
			isa = PBXNativeTarget;
			buildConfigurationList = 19CE75ED1BD73454008698AE /* Build configuration list for PBXNativeTarget "NickZihaoProject" */;
			buildPhases = (
				19CE75D71BD73453008698AE /* Sources */,
				19CE75D81BD73453008698AE /* Frameworks */,
				19CE75D91BD73453008698AE /* Resources */,
			);
			buildRules = (
			);
			dependencies = (
			);
			name = NickZihaoProject;
			productName = NickZihaoProject;
			productReference = 19CE75DB1BD73453008698AE /* NickZihaoProject.app */;
			productType = "com.apple.product-type.application";
		};
/* End PBXNativeTarget section */

/* Begin PBXProject section */
		19CE75D31BD73453008698AE /* Project object */ = {
			isa = PBXProject;
			attributes = {
				LastUpgradeCheck = 0700;
				ORGANIZATIONNAME = "Nick&Zihao";
				TargetAttributes = {
					19CE75DA1BD73453008698AE = {
						CreatedOnToolsVersion = 7.0.1;
						DevelopmentTeam = ASEVUMECUS;
					};
				};
			};
			buildConfigurationList = 19CE75D61BD73453008698AE /* Build configuration list for PBXProject "NickZihaoProject" */;
			compatibilityVersion = "Xcode 3.2";
			developmentRegion = English;
			hasScannedForEncodings = 0;
			knownRegions = (
				en,
				Base,
			);
			mainGroup = 19CE75D21BD73453008698AE;
			productRefGroup = 19CE75DC1BD73453008698AE /* Products */;
			projectDirPath = "";
			projectRoot = "";
			targets = (
				19CE75DA1BD73453008698AE /* NickZihaoProject */,
			);
		};
/* End PBXProject section */

/* Begin PBXResourcesBuildPhase section */
		19CE75D91BD73453008698AE /* Resources */ = {
			isa = PBXResourcesBuildPhase;
			buildActionMask = 2147483647;
			files = (
				19CE75E91BD73454008698AE /* LaunchScreen.storyboard in Resources */,
				19CE75E61BD73454008698AE /* Assets.xcassets in Resources */,
				19CE75E41BD73454008698AE /* Main.storyboard in Resources */,
			);
			runOnlyForDeploymentPostprocessing = 0;
		};
/* End PBXResourcesBuildPhase section */

/* Begin PBXSourcesBuildPhase section */
		19CE75D71BD73453008698AE /* Sources */ = {
			isa = PBXSourcesBuildPhase;
			buildActionMask = 2147483647;
			files = (
				A61181B31BD84ABA005C10F0 /* WelcomeViewController.swift in Sources */,
				19484FD21BE0DC6900AB6870 /* MapViewController.swift in Sources */,
				19484FD01BE0D52800AB6870 /* NickZihaoProject.xcdatamodel in Sources */,
				A642EEBF1BF1888200B9258B /* RegisterViewController.swift in Sources */,
				A61181B51BD84BE5005C10F0 /* UserInfoViewController.swift in Sources */,
				19CE75DF1BD73454008698AE /* AppDelegate.swift in Sources */,
			);
			runOnlyForDeploymentPostprocessing = 0;
		};
/* End PBXSourcesBuildPhase section */

/* Begin PBXVariantGroup section */
		19CE75E21BD73454008698AE /* Main.storyboard */ = {
			isa = PBXVariantGroup;
			children = (
				19CE75E31BD73454008698AE /* Base */,
			);
			name = Main.storyboard;
			sourceTree = "<group>";
		};
		19CE75E71BD73454008698AE /* LaunchScreen.storyboard */ = {
			isa = PBXVariantGroup;
			children = (
				19CE75E81BD73454008698AE /* Base */,
			);
			name = LaunchScreen.storyboard;
			sourceTree = "<group>";
		};
/* End PBXVariantGroup section */

/* Begin XCBuildConfiguration section */
		19CE75EB1BD73454008698AE /* Debug */ = {
			isa = XCBuildConfiguration;
			buildSettings = {
				ALWAYS_SEARCH_USER_PATHS = NO;
				CLANG_CXX_LANGUAGE_STANDARD = "gnu++0x";
				CLANG_CXX_LIBRARY = "libc++";
				CLANG_ENABLE_MODULES = YES;
				CLANG_ENABLE_OBJC_ARC = YES;
				CLANG_WARN_BOOL_CONVERSION = YES;
				CLANG_WARN_CONSTANT_CONVERSION = YES;
				CLANG_WARN_DIRECT_OBJC_ISA_USAGE = YES_ERROR;
				CLANG_WARN_EMPTY_BODY = YES;
				CLANG_WARN_ENUM_CONVERSION = YES;
				CLANG_WARN_INT_CONVERSION = YES;
				CLANG_WARN_OBJC_ROOT_CLASS = YES_ERROR;
				CLANG_WARN_UNREACHABLE_CODE = YES;
				CLANG_WARN__DUPLICATE_METHOD_MATCH = YES;
				"CODE_SIGN_IDENTITY[sdk=iphoneos*]" = "iPhone Developer";
				COPY_PHASE_STRIP = NO;
				DEBUG_INFORMATION_FORMAT = dwarf;
				ENABLE_STRICT_OBJC_MSGSEND = YES;
				ENABLE_TESTABILITY = YES;
				GCC_C_LANGUAGE_STANDARD = gnu99;
				GCC_DYNAMIC_NO_PIC = NO;
				GCC_NO_COMMON_BLOCKS = YES;
				GCC_OPTIMIZATION_LEVEL = 0;
				GCC_PREPROCESSOR_DEFINITIONS = (
					"DEBUG=1",
					"$(inherited)",
				);
				GCC_WARN_64_TO_32_BIT_CONVERSION = YES;
				GCC_WARN_ABOUT_RETURN_TYPE = YES_ERROR;
				GCC_WARN_UNDECLARED_SELECTOR = YES;
				GCC_WARN_UNINITIALIZED_AUTOS = YES_AGGRESSIVE;
				GCC_WARN_UNUSED_FUNCTION = YES;
				GCC_WARN_UNUSED_VARIABLE = YES;
				IPHONEOS_DEPLOYMENT_TARGET = 9.0;
				MTL_ENABLE_DEBUG_INFO = YES;
				ONLY_ACTIVE_ARCH = YES;
				SDKROOT = iphoneos;
				SWIFT_OPTIMIZATION_LEVEL = "-Onone";
				TARGETED_DEVICE_FAMILY = "1,2";
			};
			name = Debug;
		};
		19CE75EC1BD73454008698AE /* Release */ = {
			isa = XCBuildConfiguration;
			buildSettings = {
				ALWAYS_SEARCH_USER_PATHS = NO;
				CLANG_CXX_LANGUAGE_STANDARD = "gnu++0x";
				CLANG_CXX_LIBRARY = "libc++";
				CLANG_ENABLE_MODULES = YES;
				CLANG_ENABLE_OBJC_ARC = YES;
				CLANG_WARN_BOOL_CONVERSION = YES;
				CLANG_WARN_CONSTANT_CONVERSION = YES;
				CLANG_WARN_DIRECT_OBJC_ISA_USAGE = YES_ERROR;
				CLANG_WARN_EMPTY_BODY = YES;
				CLANG_WARN_ENUM_CONVERSION = YES;
				CLANG_WARN_INT_CONVERSION = YES;
				CLANG_WARN_OBJC_ROOT_CLASS = YES_ERROR;
				CLANG_WARN_UNREACHABLE_CODE = YES;
				CLANG_WARN__DUPLICATE_METHOD_MATCH = YES;
				"CODE_SIGN_IDENTITY[sdk=iphoneos*]" = "iPhone Developer";
				COPY_PHASE_STRIP = NO;
				DEBUG_INFORMATION_FORMAT = "dwarf-with-dsym";
				ENABLE_NS_ASSERTIONS = NO;
				ENABLE_STRICT_OBJC_MSGSEND = YES;
				GCC_C_LANGUAGE_STANDARD = gnu99;
				GCC_NO_COMMON_BLOCKS = YES;
				GCC_WARN_64_TO_32_BIT_CONVERSION = YES;
				GCC_WARN_ABOUT_RETURN_TYPE = YES_ERROR;
				GCC_WARN_UNDECLARED_SELECTOR = YES;
				GCC_WARN_UNINITIALIZED_AUTOS = YES_AGGRESSIVE;
				GCC_WARN_UNUSED_FUNCTION = YES;
				GCC_WARN_UNUSED_VARIABLE = YES;
				IPHONEOS_DEPLOYMENT_TARGET = 9.0;
				MTL_ENABLE_DEBUG_INFO = NO;
				SDKROOT = iphoneos;
				TARGETED_DEVICE_FAMILY = "1,2";
				VALIDATE_PRODUCT = YES;
			};
			name = Release;
		};
		19CE75EE1BD73454008698AE /* Debug */ = {
			isa = XCBuildConfiguration;
			buildSettings = {
				ASSETCATALOG_COMPILER_APPICON_NAME = AppIcon;
				CODE_SIGN_IDENTITY = "iPhone Developer";
				"CODE_SIGN_IDENTITY[sdk=iphoneos*]" = "iPhone Developer";
				FRAMEWORK_SEARCH_PATHS = (
					"$(inherited)",
					"$(PROJECT_DIR)",
					"$(PROJECT_DIR)/NickZihaoProject",
				);
				INFOPLIST_FILE = NickZihaoProject/Info.plist;
				IPHONEOS_DEPLOYMENT_TARGET = 8.0;
				LD_RUNPATH_SEARCH_PATHS = "$(inherited) @executable_path/Frameworks";
				PRODUCT_BUNDLE_IDENTIFIER = edu.virginia.cs.NickZihaoProject;
				PRODUCT_NAME = "$(TARGET_NAME)";
				PROVISIONING_PROFILE = "";
				TARGETED_DEVICE_FAMILY = 1;
			};
			name = Debug;
		};
		19CE75EF1BD73454008698AE /* Release */ = {
			isa = XCBuildConfiguration;
			buildSettings = {
				ASSETCATALOG_COMPILER_APPICON_NAME = AppIcon;
				CODE_SIGN_IDENTITY = "iPhone Developer";
				"CODE_SIGN_IDENTITY[sdk=iphoneos*]" = "iPhone Developer";
				FRAMEWORK_SEARCH_PATHS = (
					"$(inherited)",
					"$(PROJECT_DIR)",
					"$(PROJECT_DIR)/NickZihaoProject",
				);
				INFOPLIST_FILE = NickZihaoProject/Info.plist;
				IPHONEOS_DEPLOYMENT_TARGET = 8.0;
				LD_RUNPATH_SEARCH_PATHS = "$(inherited) @executable_path/Frameworks";
				PRODUCT_BUNDLE_IDENTIFIER = edu.virginia.cs.NickZihaoProject;
				PRODUCT_NAME = "$(TARGET_NAME)";
				PROVISIONING_PROFILE = "";
				TARGETED_DEVICE_FAMILY = 1;
			};
			name = Release;
		};
/* End XCBuildConfiguration section */

/* Begin XCConfigurationList section */
		19CE75D61BD73453008698AE /* Build configuration list for PBXProject "NickZihaoProject" */ = {
			isa = XCConfigurationList;
			buildConfigurations = (
				19CE75EB1BD73454008698AE /* Debug */,
				19CE75EC1BD73454008698AE /* Release */,
			);
			defaultConfigurationIsVisible = 0;
			defaultConfigurationName = Release;
		};
		19CE75ED1BD73454008698AE /* Build configuration list for PBXNativeTarget "NickZihaoProject" */ = {
			isa = XCConfigurationList;
			buildConfigurations = (
				19CE75EE1BD73454008698AE /* Debug */,
				19CE75EF1BD73454008698AE /* Release */,
			);
			defaultConfigurationIsVisible = 0;
			defaultConfigurationName = Release;
		};
/* End XCConfigurationList section */
	};
	rootObject = 19CE75D31BD73453008698AE /* Project object */;
}
